
Microsoft Visual Studio Solution File, Format Version 12.00
# Visual Studio Version 17
VisualStudioVersion = 17.4.33205.214
MinimumVisualStudioVersion = 10.0.40219.1
Project("{FAE04EC0-301F-11D3-BF4B-00C04F79EFBC}") = "Todoist", "Todoist\Todoist.csproj", "{BF375F59-EBCB-4E07-A8FF-A10342EF32EA}"
EndProject
Project("{FAE04EC0-301F-11D3-BF4B-00C04F79EFBC}") = "Todoist.Data", "Todoist.Data\Todoist.Data.csproj", "{09CD19F0-13BE-4060-9EFE-6100A7F514E2}"
EndProject
Project("{FAE04EC0-301F-11D3-BF4B-00C04F79EFBC}") = "Todoist.BusinessLogic", "Todoist.BusinessLogic\Todoist.BusinessLogic.csproj", "{AB96A1ED-74CB-4FB4-BA5C-4FDE3193A37E}"
EndProject
Global
	GlobalSection(SolutionConfigurationPlatforms) = preSolution
		Debug|Any CPU = Debug|Any CPU
		Release|Any CPU = Release|Any CPU
	EndGlobalSection
	GlobalSection(ProjectConfigurationPlatforms) = postSolution
		{BF375F59-EBCB-4E07-A8FF-A10342EF32EA}.Debug|Any CPU.ActiveCfg = Debug|Any CPU
		{BF375F59-EBCB-4E07-A8FF-A10342EF32EA}.Debug|Any CPU.Build.0 = Debug|Any CPU
		{BF375F59-EBCB-4E07-A8FF-A10342EF32EA}.Release|Any CPU.ActiveCfg = Release|Any CPU
		{BF375F59-EBCB-4E07-A8FF-A10342EF32EA}.Release|Any CPU.Build.0 = Release|Any CPU
		{09CD19F0-13BE-4060-9EFE-6100A7F514E2}.Debug|Any CPU.ActiveCfg = Debug|Any CPU
		{09CD19F0-13BE-4060-9EFE-6100A7F514E2}.Debug|Any CPU.Build.0 = Debug|Any CPU
		{09CD19F0-13BE-4060-9EFE-6100A7F514E2}.Release|Any CPU.ActiveCfg = Release|Any CPU
		{09CD19F0-13BE-4060-9EFE-6100A7F514E2}.Release|Any CPU.Build.0 = Release|Any CPU
		{AB96A1ED-74CB-4FB4-BA5C-4FDE3193A37E}.Debug|Any CPU.ActiveCfg = Debug|Any CPU
		{AB96A1ED-74CB-4FB4-BA5C-4FDE3193A37E}.Debug|Any CPU.Build.0 = Debug|Any CPU
		{AB96A1ED-74CB-4FB4-BA5C-4FDE3193A37E}.Release|Any CPU.ActiveCfg = Release|Any CPU
		{AB96A1ED-74CB-4FB4-BA5C-4FDE3193A37E}.Release|Any CPU.Build.0 = Release|Any CPU
	EndGlobalSection
	GlobalSection(SolutionProperties) = preSolution
		HideSolutionNode = FALSE
	EndGlobalSection
	GlobalSection(ExtensibilityGlobals) = postSolution
		SolutionGuid = {A0D56294-7304-4891-9DC5-5E47E065DF81}
	EndGlobalSection
EndGlobal
